
Microsoft Visual Studio Solution File, Format Version 12.00
# Visual Studio 15
VisualStudioVersion = 15.0.28307.136
MinimumVisualStudioVersion = 10.0.40219.1
Project("{FAE04EC0-301F-11D3-BF4B-00C04F79EFBC}") = "RazorPagesMovie", "RazorPagesMovie\RazorPagesMovie.csproj", "{2BD6B62D-2F4F-4DA2-B35F-870F725448CC}"
EndProject
Global
	GlobalSection(SolutionConfigurationPlatforms) = preSolution
		Debug|Any CPU = Debug|Any CPU
		Release|Any CPU = Release|Any CPU
	EndGlobalSection
	GlobalSection(ProjectConfigurationPlatforms) = postSolution
		{2BD6B62D-2F4F-4DA2-B35F-870F725448CC}.Debug|Any CPU.ActiveCfg = Debug|Any CPU
		{2BD6B62D-2F4F-4DA2-B35F-870F725448CC}.Debug|Any CPU.Build.0 = Debug|Any CPU
		{2BD6B62D-2F4F-4DA2-B35F-870F725448CC}.Release|Any CPU.ActiveCfg = Release|Any CPU
		{2BD6B62D-2F4F-4DA2-B35F-870F725448CC}.Release|Any CPU.Build.0 = Release|Any CPU
	EndGlobalSection
	GlobalSection(SolutionProperties) = preSolution
		HideSolutionNode = FALSE
	EndGlobalSection
	GlobalSection(ExtensibilityGlobals) = postSolution
		SolutionGuid = {3DB44D80-8EDB-4F58-950C-ADB686BD155A}
	EndGlobalSection
EndGlobal
